{
    "_readme": [
        "This file locks the dependencies of your project to a known state",
        "Read more about it at https://getcomposer.org/doc/01-basic-usage.md#installing-dependencies",
        "This file is @generated automatically"
    ],
    "content-hash": "8702ed1b427d4d110fa0c266fa6a65ca",
    "packages": [
        {
            "name": "cakedc/search",
            "version": "dev-master",
            "source": {
                "type": "git",
                "url": "https://github.com/CakeDC/search.git",
                "reference": "36f48c376ea45f1fbbbea9e7fca235bdc5fedf01"
            },
            "dist": {
                "type": "zip",
                "url": "https://api.github.com/repos/CakeDC/search/zipball/36f48c376ea45f1fbbbea9e7fca235bdc5fedf01",
                "reference": "36f48c376ea45f1fbbbea9e7fca235bdc5fedf01",
                "shasum": ""
            },
            "require": {
                "composer/installers": "*",
                "php": ">=5.3.0"
            },
            "type": "cakephp-plugin",
            "extra": {
                "installer-name": "Search"
            },
            "notification-url": "https://packagist.org/downloads/",
            "license": [
                "MIT"
            ],
            "authors": [
                {
                    "name": "Cake Development Corporation",
                    "email": "team@cakedc.com",
                    "homepage": "http://cakedc.com"
                }
            ],
            "description": "Search Plugin for CakePHP",
            "homepage": "http://github.com/CakeDC/search",
            "keywords": [
                "cakephp",
                "filter",
                "post-redirect-get",
                "prg",
                "search"
            ],
            "time": "2017-11-01T16:10:03+00:00"
        },
        {
            "name": "cakephp/cakephp",
            "version": "2.10.20",
            "source": {
                "type": "git",
                "url": "https://github.com/cakephp/cakephp.git",
                "reference": "1ea6732e401a25a3d1701c8bc9338910ec6a7f7f"
            },
            "dist": {
                "type": "zip",
                "url": "https://api.github.com/repos/cakephp/cakephp/zipball/1ea6732e401a25a3d1701c8bc9338910ec6a7f7f",
                "reference": "1ea6732e401a25a3d1701c8bc9338910ec6a7f7f",
                "shasum": ""
            },
            "require": {
                "php": ">=5.3.0"
            },
            "require-dev": {
                "cakephp/cakephp-codesniffer": "^1.0.0",
                "phpunit/phpunit": "^3.7"
            },
            "suggest": {
                "ext-mcrypt": "You need to install ext-openssl or ext-mcrypt to use AES-256 encryption",
                "ext-openssl": "You need to install ext-openssl or ext-mcrypt to use AES-256 encryption"
            },
            "bin": [
                "lib/Cake/Console/cake"
            ],
            "type": "library",
            "notification-url": "https://packagist.org/downloads/",
            "license": [
                "MIT"
            ],
            "authors": [
                {
                    "name": "CakePHP Community",
                    "homepage": "https://github.com/cakephp/cakephp/graphs/contributors"
                }
            ],
            "description": "The CakePHP framework",
            "homepage": "https://cakephp.org",
            "keywords": [
                "framework"
            ],
            "time": "2020-01-17T01:56:03+00:00"
        },
        {
            "name": "cakephp/datasources",
            "version": "dev-master",
            "source": {
                "type": "git",
                "url": "https://github.com/cakephp/datasources.git",
                "reference": "b741921fa414ed7591494a6fbd12dbb6704dfc31"
            },
            "dist": {
                "type": "zip",
                "url": "https://api.github.com/repos/cakephp/datasources/zipball/b741921fa414ed7591494a6fbd12dbb6704dfc31",
                "reference": "b741921fa414ed7591494a6fbd12dbb6704dfc31",
                "shasum": ""
            },
            "require": {
                "composer/installers": "*",
                "php": ">=5.2.8"
            },
            "type": "cakephp-plugin",
            "extra": {
                "branch-alias": {
                    "dev-master": "2.3.x-dev"
                },
                "installer-name": "Datasources"
            },
            "notification-url": "https://packagist.org/downloads/",
            "license": [
                "MIT"
            ],
            "authors": [
                {
                    "name": "CakePHP Community",
                    "homepage": "https://github.com/cakephp/datasources/graphs/contributors"
                }
            ],
            "description": "CakePHP Datasources Plugin",
            "homepage": "https://github.com/cakephp/datasources",
            "keywords": [
                "adodb",
                "cakephp",
                "couchdb",
                "datasources",
                "db2",
                "firebird",
                "ldap",
                "odbc",
                "sqlite",
                "sqlserver",
                "sybase"
            ],
            "time": "2017-11-13T12:04:37+00:00"
        },
        {
            "name": "composer/installers",
            "version": "dev-master",
            "source": {
                "type": "git",
                "url": "https://github.com/composer/installers.git",
                "reference": "7d610d50aae61ae7ed6675e58efeabdf279bb5e3"
            },
            "dist": {
                "type": "zip",
                "url": "https://api.github.com/repos/composer/installers/zipball/7d610d50aae61ae7ed6675e58efeabdf279bb5e3",
                "reference": "7d610d50aae61ae7ed6675e58efeabdf279bb5e3",
                "shasum": ""
            },
            "require": {
                "composer-plugin-api": "^1.0"
            },
            "replace": {
                "roundcube/plugin-installer": "*",
                "shama/baton": "*"
            },
            "require-dev": {
                "composer/composer": "1.0.*@dev",
                "phpunit/phpunit": "^4.8.36"
            },
            "type": "composer-plugin",
            "extra": {
                "class": "Composer\\Installers\\Plugin",
                "branch-alias": {
                    "dev-master": "1.0-dev"
                }
            },
            "autoload": {
                "psr-4": {
                    "Composer\\Installers\\": "src/Composer/Installers"
                }
            },
            "notification-url": "https://packagist.org/downloads/",
            "license": [
                "MIT"
            ],
            "authors": [
                {
                    "name": "Kyle Robinson Young",
                    "email": "kyle@dontkry.com",
                    "homepage": "https://github.com/shama"
                }
            ],
            "description": "A multi-framework Composer library installer",
            "homepage": "https://composer.github.io/installers/",
            "keywords": [
                "Craft",
                "Dolibarr",
                "Eliasis",
                "Hurad",
                "ImageCMS",
                "Kanboard",
                "Lan Management System",
                "MODX Evo",
                "MantisBT",
                "Mautic",
                "Maya",
                "OXID",
                "Plentymarkets",
                "Porto",
                "RadPHP",
                "SMF",
                "Thelia",
                "Whmcs",
                "WolfCMS",
                "agl",
                "aimeos",
                "annotatecms",
                "attogram",
                "bitrix",
                "cakephp",
                "chef",
                "cockpit",
                "codeigniter",
                "concrete5",
                "croogo",
                "dokuwiki",
                "drupal",
                "eZ Platform",
                "elgg",
                "expressionengine",
                "fuelphp",
                "grav",
                "installer",
                "itop",
                "joomla",
                "known",
                "kohana",
                "laravel",
                "lavalite",
                "lithium",
                "magento",
                "majima",
                "mako",
                "mediawiki",
                "modulework",
                "modx",
                "moodle",
                "osclass",
                "phpbb",
                "piwik",
                "ppi",
                "puppet",
                "pxcms",
                "reindex",
                "roundcube",
                "shopware",
                "silverstripe",
                "sydes",
                "sylius",
                "symfony",
                "typo3",
                "wordpress",
                "yawik",
                "zend",
                "zikula"
            ],
            "time": "2020-02-07T10:39:20+00:00"
        },
        {
            "name": "dereuromark/cakephp-data",
            "version": "dev-cake2",
            "source": {
                "type": "git",
                "url": "https://github.com/dereuromark/cakephp-data.git",
                "reference": "4084d96cb55052e1b0d3a9f671e5de5e28001af8"
            },
            "dist": {
                "type": "zip",
                "url": "https://api.github.com/repos/dereuromark/cakephp-data/zipball/4084d96cb55052e1b0d3a9f671e5de5e28001af8",
                "reference": "4084d96cb55052e1b0d3a9f671e5de5e28001af8",
                "shasum": ""
            },
            "require": {
                "composer/installers": "*",
                "dereuromark/cakephp-tools": "0.*",
                "php": ">=5.4"
            },
            "type": "cakephp-plugin",
            "extra": {
                "installer-name": "Data"
            },
            "notification-url": "https://packagist.org/downloads/",
            "license": [
                "MIT"
            ],
            "authors": [
                {
                    "name": "Mark Scherer",
                    "homepage": "http://www.dereuromark.de"
                }
            ],
            "description": "A CakePHP plugin containing lots of useful and reusable data containers",
            "homepage": "https://github.com/dereuromark/cakephp-data",
            "keywords": [
                "cakephp",
                "data",
                "geo",
                "plugin"
            ],
            "time": "2018-04-19T20:26:49+00:00"
        },
        {
            "name": "dereuromark/cakephp-setup",
            "version": "dev-cake2",
            "source": {
                "type": "git",
                "url": "https://github.com/dereuromark/cakephp-setup.git",
                "reference": "b77fff3246f2f9b8f12f3ec3692ae1e00b27c931"
            },
            "dist": {
                "type": "zip",
                "url": "https://api.github.com/repos/dereuromark/cakephp-setup/zipball/b77fff3246f2f9b8f12f3ec3692ae1e00b27c931",
                "reference": "b77fff3246f2f9b8f12f3ec3692ae1e00b27c931",
                "shasum": ""
            },
            "require": {
                "cakephp/cakephp": ">=2.0 <3.0",
                "composer/installers": "*",
                "php": ">=5.4"
            },
            "require-dev": {
                "dereuromark/cakephp-tools": "2.x-dev"
            },
            "type": "cakephp-plugin",
            "extra": {
                "installer-name": "Setup"
            },
            "notification-url": "https://packagist.org/downloads/",
            "license": [
                "MIT"
            ],
            "authors": [
                {
                    "name": "Mark Scherer",
                    "homepage": "http://www.dereuromark.de",
                    "role": "Maintainer"
                }
            ],
            "description": "A CakePHP plugin containing lots of useful management tools",
            "homepage": "https://github.com/dereuromark/cakephp-setup",
            "keywords": [
                "backup",
                "bake",
                "cakephp",
                "management",
                "plugin",
                "setup",
                "templates"
            ],
            "time": "2018-04-19T20:24:18+00:00"
        },
        {
            "name": "dereuromark/cakephp-shim",
            "version": "0.6.2",
            "source": {
                "type": "git",
                "url": "https://github.com/dereuromark/cakephp-shim.git",
                "reference": "02a12cd83a0ccf22c1d544041f4518f27f495476"
            },
            "dist": {
                "type": "zip",
                "url": "https://api.github.com/repos/dereuromark/cakephp-shim/zipball/02a12cd83a0ccf22c1d544041f4518f27f495476",
                "reference": "02a12cd83a0ccf22c1d544041f4518f27f495476",
                "shasum": ""
            },
            "require": {
                "cakephp/cakephp": ">=2.0 <3.0",
                "composer/installers": "*",
                "php": ">=5.4"
            },
            "require-dev": {
                "fig-r/psr2r-sniffer": "dev-master",
                "mobiledetect/mobiledetectlib": "2.*"
            },
            "suggest": {
                "ircmaxell/password-compat": "PHP5.4 compatability for the PHP5.5 password hashing functionality.",
                "mobiledetect/mobiledetectlib": "Better up-to-date mobile/tablet detection."
            },
            "type": "cakephp-plugin",
            "extra": {
                "installer-name": "Shim"
            },
            "notification-url": "https://packagist.org/downloads/",
            "license": [
                "MIT"
            ],
            "authors": [
                {
                    "name": "Mark Scherer",
                    "homepage": "http://www.dereuromark.de",
                    "role": "Maintainer"
                }
            ],
            "description": "A CakePHP plugin to shim applications between major framework versions.",
            "homepage": "https://github.com/dereuromark/cakephp-shim",
            "keywords": [
                "cakephp",
                "helpers",
                "plugin",
                "shim"
            ],
            "time": "2018-04-13T22:04:53+00:00"
        },
        {
            "name": "dereuromark/cakephp-tools",
            "version": "0.12.4",
            "source": {
                "type": "git",
                "url": "https://github.com/dereuromark/cakephp-tools.git",
                "reference": "a1720aee1d68d64085752328e552f3946be5a369"
            },
            "dist": {
                "type": "zip",
                "url": "https://api.github.com/repos/dereuromark/cakephp-tools/zipball/a1720aee1d68d64085752328e552f3946be5a369",
                "reference": "a1720aee1d68d64085752328e552f3946be5a369",
                "shasum": ""
            },
            "require": {
                "cakephp/cakephp": ">=2.0 <3.0",
                "composer/installers": "*",
                "dereuromark/cakephp-shim": "^0.5.0 || ^0.6.0",
                "php": ">=5.4"
            },
            "suggest": {
                "pelago/emogrifier": "When using InlineCss lib and CSS to inline HTML transformation."
            },
            "type": "cakephp-plugin",
            "extra": {
                "installer-name": "Tools"
            },
            "notification-url": "https://packagist.org/downloads/",
            "license": [
                "MIT"
            ],
            "authors": [
                {
                    "name": "Mark Scherer",
                    "homepage": "http://www.dereuromark.de",
                    "role": "Maintainer"
                }
            ],
            "description": "A CakePHP plugin containing lots of useful and reusable tools",
            "homepage": "https://github.com/dereuromark/cakephp-tools",
            "keywords": [
                "behaviors",
                "cakephp",
                "components",
                "datasources",
                "helpers",
                "plugin",
                "tools",
                "utils"
            ],
            "time": "2018-09-08T15:47:19+00:00"
        },
        {
            "name": "dereuromark/media-embed",
            "version": "dev-master",
            "source": {
                "type": "git",
                "url": "https://github.com/dereuromark/media-embed.git",
                "reference": "f1037ddddf414b56d3bfa646365bf48bc5d3bcbd"
            },
            "dist": {
                "type": "zip",
                "url": "https://api.github.com/repos/dereuromark/media-embed/zipball/f1037ddddf414b56d3bfa646365bf48bc5d3bcbd",
                "reference": "f1037ddddf414b56d3bfa646365bf48bc5d3bcbd",
                "shasum": ""
            },
            "require": {
                "jbroadway/urlify": "^1.0.0",
                "php": ">=5.6"
            },
            "require-dev": {
                "fig-r/psr2r-sniffer": "dev-master",
                "sebastian/diff": "@stable"
            },
            "bin": [
                "bin/generate-docs"
            ],
            "type": "library",
            "autoload": {
                "psr-4": {
                    "MediaEmbed\\": "src/"
                }
            },
            "notification-url": "https://packagist.org/downloads/",
            "license": [
                "MIT"
            ],
            "authors": [
                {
                    "name": "Mark Scherer",
                    "homepage": "https://www.dereuromark.de",
                    "role": "Author"
                }
            ],
            "description": "A PHP library to deal with all those media services around, parsing their URLs and embedding their audio/video content in websites.",
            "keywords": [
                "audio",
                "embed",
                "iframe",
                "media",
                "php",
                "video"
            ],
            "time": "2020-02-06T09:24:25+00:00"
        },
        {
            "name": "friendsofcake/authenticate",
            "version": "1.0.2",
            "source": {
                "type": "git",
                "url": "https://github.com/FriendsOfCake/Authenticate.git",
                "reference": "4d91c2b0cb1674953a6bbdd3ab33eb5c61ad9aa4"
            },
            "dist": {
                "type": "zip",
                "url": "https://api.github.com/repos/FriendsOfCake/Authenticate/zipball/4d91c2b0cb1674953a6bbdd3ab33eb5c61ad9aa4",
                "reference": "4d91c2b0cb1674953a6bbdd3ab33eb5c61ad9aa4",
                "shasum": ""
            },
            "require": {
                "composer/installers": "*",
                "php": ">=5.3.0"
            },
            "type": "cakephp-plugin",
            "notification-url": "https://packagist.org/downloads/",
            "license": [
                "MIT"
            ],
            "authors": [
                {
                    "name": "Ceeram",
                    "role": "Author"
                }
            ],
            "description": "CakePHP plugin with authentication classes for AuthComponent.",
            "homepage": "http://github.com/FriendsOfCake/Authenticate",
            "keywords": [
                "authenticate",
                "cakephp"
            ],
            "abandoned": true,
            "time": "2015-04-08T11:35:43+00:00"
        },
        {
            "name": "geshi/geshi",
            "version": "dev-master",
            "source": {
                "type": "git",
                "url": "https://github.com/GeSHi/geshi-1.0.git",
                "reference": "fd22ab78481bf90337862b590e6f7517863926b8"
            },
            "dist": {
                "type": "zip",
                "url": "https://api.github.com/repos/GeSHi/geshi-1.0/zipball/fd22ab78481bf90337862b590e6f7517863926b8",
                "reference": "fd22ab78481bf90337862b590e6f7517863926b8",
                "shasum": ""
            },
            "require-dev": {
                "phpunit/phpunit": "^5.7 || ^6.5 || ^7.5 || ^8.2"
            },
            "type": "library",
            "autoload": {
                "classmap": [
                    "src/geshi/",
                    "src/geshi.php"
                ]
            },
            "notification-url": "https://packagist.org/downloads/",
            "license": [
                "GPL-2.0+"
            ],
            "authors": [
                {
                    "name": "Benny Baumann",
                    "email": "BenBE@geshi.org",
                    "homepage": "http://blog.benny-baumann.de/",
                    "role": "Developer"
                }
            ],
            "description": "Generic Syntax Highlighter",
            "homepage": "http://qbnz.com/highlighter/",
            "time": "2019-10-20T20:54:46+00:00"
        },
        {
            "name": "jbroadway/urlify",
            "version": "1.2.0-stable",
            "source": {
                "type": "git",
                "url": "https://github.com/jbroadway/urlify.git",
                "reference": "b917c8c9274a9784a2eb30c657fc386ad591fdcd"
            },
            "dist": {
                "type": "zip",
                "url": "https://api.github.com/repos/jbroadway/urlify/zipball/b917c8c9274a9784a2eb30c657fc386ad591fdcd",
                "reference": "b917c8c9274a9784a2eb30c657fc386ad591fdcd",
                "shasum": ""
            },
            "require": {
                "php": ">=7.0.0",
                "voku/portable-ascii": "^1.4",
                "voku/stop-words": "^2.0"
            },
            "require-dev": {
                "phpunit/phpunit": "~6.0 || ~7.0"
            },
            "type": "library",
            "extra": {
                "branch-alias": {
                    "dev-master": "1.0-dev"
                }
            },
            "autoload": {
                "psr-0": {
                    "URLify": ""
                }
            },
            "notification-url": "https://packagist.org/downloads/",
            "license": [
                "BSD-3-Clause-Clear"
            ],
            "authors": [
                {
                    "name": "Johnny Broadway",
                    "email": "johnny@johnnybroadway.com",
                    "homepage": "http://www.johnnybroadway.com/"
                }
            ],
            "description": "PHP port of URLify.js from the Django project. Transliterates non-ascii characters for use in URLs.",
            "homepage": "https://github.com/jbroadway/urlify",
            "keywords": [
                "encode",
                "iconv",
                "link",
                "slug",
                "translit",
                "transliterate",
                "transliteration",
                "url",
                "urlify"
            ],
            "time": "2019-12-13T19:53:11+00:00"
        },
        {
            "name": "kzykhys/ciconia",
            "version": "dev-master",
            "source": {
                "type": "git",
                "url": "https://github.com/kzykhys/Ciconia.git",
                "reference": "94e9c7564d0fe00eafa6800176ff42147958f855"
            },
            "dist": {
                "type": "zip",
                "url": "https://api.github.com/repos/kzykhys/Ciconia/zipball/94e9c7564d0fe00eafa6800176ff42147958f855",
                "reference": "94e9c7564d0fe00eafa6800176ff42147958f855",
                "shasum": ""
            },
            "require": {
                "php": ">5.4.0",
                "symfony/console": ">=2.3,<2.5-dev",
                "symfony/options-resolver": ">=2.3,<2.5-dev"
            },
            "require-dev": {
                "kzykhys/pygments": ">=1.0",
                "symfony/finder": ">=2.3,<2.5-dev",
                "symfony/stopwatch": ">=2.3,<2.5-dev"
            },
            "suggest": {
                "kzykhys/pygments": ">=1.0"
            },
            "bin": [
                "bin/ciconia"
            ],
            "type": "library",
            "extra": {
                "branch-alias": {
                    "dev-master": "1.1.x-dev"
                }
            },
            "autoload": {
                "psr-0": {
                    "": "src/"
                }
            },
            "notification-url": "https://packagist.org/downloads/",
            "license": [
                "MIT"
            ],
            "authors": [
                {
                    "name": "Kazuyuki Hayashi",
                    "email": "hayashi@valnur.net"
                }
            ],
            "description": "The Markdown parser for PHP5.4",
            "keywords": [
                "cli",
                "markdown",
                "parser"
            ],
            "time": "2014-02-15T06:00:18+00:00"
        },
        {
            "name": "markstory/asset_compress",
            "version": "2.x-dev",
            "source": {
                "type": "git",
                "url": "https://github.com/markstory/asset_compress.git",
                "reference": "471b77e3a702ba89acf4cd127bb73cf5320c6c1e"
            },
            "dist": {
                "type": "zip",
                "url": "https://api.github.com/repos/markstory/asset_compress/zipball/471b77e3a702ba89acf4cd127bb73cf5320c6c1e",
                "reference": "471b77e3a702ba89acf4cd127bb73cf5320c6c1e",
                "shasum": ""
            },
            "require": {
                "cakephp/cakephp": ">=2.4 <3.0",
                "composer/installers": "*",
                "php": ">=5.3.0"
            },
            "type": "cakephp-plugin",
            "notification-url": "https://packagist.org/downloads/",
            "license": [
                "MIT"
            ],
            "authors": [
                {
                    "name": "Mark Story",
                    "homepage": "http://mark-story.com",
                    "role": "Author"
                }
            ],
            "description": "An asset compression plugin for CakePHP. Provides file concatenation and a flexible filter system for preprocessing and minification.",
            "homepage": "https://github.com/markstory/asset_compress",
            "keywords": [
                "assets",
                "cakephp",
                "coffee-script",
                "less",
                "minifier",
                "sass"
            ],
            "time": "2018-12-15T19:40:03+00:00"
        },
        {
            "name": "markstory/geshi",
            "version": "v0.3.0",
            "source": {
                "type": "git",
                "url": "https://github.com/markstory/cakephp_geshi.git",
                "reference": "fb5426f3fbc1d1261b17f9b477cfc7d447ff6c74"
            },
            "dist": {
                "type": "zip",
                "url": "https://api.github.com/repos/markstory/cakephp_geshi/zipball/fb5426f3fbc1d1261b17f9b477cfc7d447ff6c74",
                "reference": "fb5426f3fbc1d1261b17f9b477cfc7d447ff6c74",
                "shasum": ""
            },
            "require": {
                "composer/installers": "*",
                "php": ">=5.3.0"
            },
            "type": "cakephp-plugin",
            "notification-url": "https://packagist.org/downloads/",
            "license": [
                "MIT"
            ],
            "authors": [
                {
                    "name": "Mark Story",
                    "homepage": "http://mark-story.com",
                    "role": "Author"
                }
            ],
            "description": "CakePHP plugin that integrates with Geshi Syntax highlighter.",
            "homepage": "https://github.com/markstory/cakephp_geshi",
            "keywords": [
                "cakephp",
                "geshi",
                "helper",
                "highlighting"
            ],
            "time": "2014-02-05T02:30:23+00:00"
        },
        {
            "name": "nesbot/carbon",
            "version": "dev-master",
            "source": {
                "type": "git",
                "url": "https://github.com/briannesbitt/Carbon.git",
                "reference": "912dff66d2690ca66abddb9b291a1df5f371d3b4"
            },
            "dist": {
                "type": "zip",
                "url": "https://api.github.com/repos/briannesbitt/Carbon/zipball/912dff66d2690ca66abddb9b291a1df5f371d3b4",
                "reference": "912dff66d2690ca66abddb9b291a1df5f371d3b4",
                "shasum": ""
            },
            "require": {
                "ext-json": "*",
                "php": "^7.1.8 || ^8.0",
                "symfony/translation": "^3.4 || ^4.0 || ^5.0"
            },
            "require-dev": {
                "friendsofphp/php-cs-fixer": "^2.14 || ^3.0",
                "kylekatarnls/multi-tester": "^1.1",
                "phpmd/phpmd": "^2.8",
                "phpstan/phpstan": "^0.11",
                "phpunit/phpunit": "^7.5 || ^8.0",
                "squizlabs/php_codesniffer": "^3.4"
            },
            "bin": [
                "bin/carbon"
            ],
            "type": "library",
            "extra": {
                "branch-alias": {
                    "dev-master": "2.x-dev"
                },
                "laravel": {
                    "providers": [
                        "Carbon\\Laravel\\ServiceProvider"
                    ]
                }
            },
            "autoload": {
                "psr-4": {
                    "Carbon\\": "src/Carbon/"
                }
            },
            "notification-url": "https://packagist.org/downloads/",
            "license": [
                "MIT"
            ],
            "authors": [
                {
                    "name": "Brian Nesbitt",
                    "email": "brian@nesbot.com",
                    "homepage": "http://nesbot.com"
                },
                {
                    "name": "kylekatarnls",
                    "homepage": "http://github.com/kylekatarnls"
                }
            ],
            "description": "An API extension for DateTime that supports 281 different languages.",
            "homepage": "http://carbon.nesbot.com",
            "keywords": [
                "date",
                "datetime",
                "time"
            ],
            "time": "2020-02-07T15:25:46+00:00"
        },
        {
            "name": "symfony/console",
            "version": "2.4.x-dev",
            "target-dir": "Symfony/Component/Console",
            "source": {
                "type": "git",
                "url": "https://github.com/symfony/console.git",
                "reference": "39dd1c85ffdfc3c5fb008019dd027af05f64ec36"
            },
            "dist": {
                "type": "zip",
                "url": "https://api.github.com/repos/symfony/console/zipball/39dd1c85ffdfc3c5fb008019dd027af05f64ec36",
                "reference": "39dd1c85ffdfc3c5fb008019dd027af05f64ec36",
                "shasum": ""
            },
            "require": {
                "php": ">=5.3.3"
            },
            "require-dev": {
                "symfony/event-dispatcher": "~2.1"
            },
            "suggest": {
                "symfony/event-dispatcher": ""
            },
            "type": "library",
            "extra": {
                "branch-alias": {
                    "dev-master": "2.4-dev"
                }
            },
            "autoload": {
                "psr-0": {
                    "Symfony\\Component\\Console\\": ""
                }
            },
            "notification-url": "https://packagist.org/downloads/",
            "license": [
                "MIT"
            ],
            "authors": [
                {
                    "name": "Symfony Community",
                    "homepage": "http://symfony.com/contributors"
                },
                {
                    "name": "Fabien Potencier",
                    "email": "fabien@symfony.com"
                }
            ],
            "description": "Symfony Console Component",
            "homepage": "http://symfony.com",
            "time": "2014-09-22T08:51:05+00:00"
        },
        {
            "name": "symfony/options-resolver",
            "version": "2.4.x-dev",
            "target-dir": "Symfony/Component/OptionsResolver",
            "source": {
                "type": "git",
                "url": "https://github.com/symfony/options-resolver.git",
                "reference": "45f5e4f9b49eef5d88d68fbd36dbf27023283e44"
            },
            "dist": {
                "type": "zip",
                "url": "https://api.github.com/repos/symfony/options-resolver/zipball/45f5e4f9b49eef5d88d68fbd36dbf27023283e44",
                "reference": "45f5e4f9b49eef5d88d68fbd36dbf27023283e44",
                "shasum": ""
            },
            "require": {
                "php": ">=5.3.3"
            },
            "type": "library",
            "extra": {
                "branch-alias": {
                    "dev-master": "2.4-dev"
                }
            },
            "autoload": {
                "psr-0": {
                    "Symfony\\Component\\OptionsResolver\\": ""
                }
            },
            "notification-url": "https://packagist.org/downloads/",
            "license": [
                "MIT"
            ],
            "authors": [
                {
                    "name": "Symfony Community",
                    "homepage": "http://symfony.com/contributors"
                },
                {
                    "name": "Fabien Potencier",
                    "email": "fabien@symfony.com"
                }
            ],
            "description": "Symfony OptionsResolver Component",
            "homepage": "http://symfony.com",
            "keywords": [
                "config",
                "configuration",
                "options"
            ],
            "time": "2014-09-22T08:51:05+00:00"
        },
        {
            "name": "symfony/polyfill-mbstring",
            "version": "dev-master",
            "source": {
                "type": "git",
                "url": "https://github.com/symfony/polyfill-mbstring.git",
                "reference": "34094cfa9abe1f0f14f48f490772db7a775559f2"
            },
            "dist": {
                "type": "zip",
                "url": "https://api.github.com/repos/symfony/polyfill-mbstring/zipball/34094cfa9abe1f0f14f48f490772db7a775559f2",
                "reference": "34094cfa9abe1f0f14f48f490772db7a775559f2",
                "shasum": ""
            },
            "require": {
                "php": ">=5.3.3"
            },
            "suggest": {
                "ext-mbstring": "For best performance"
            },
            "type": "library",
            "extra": {
                "branch-alias": {
                    "dev-master": "1.14-dev"
                }
            },
            "autoload": {
                "psr-4": {
                    "Symfony\\Polyfill\\Mbstring\\": ""
                },
                "files": [
                    "bootstrap.php"
                ]
            },
            "notification-url": "https://packagist.org/downloads/",
            "license": [
                "MIT"
            ],
            "authors": [
                {
                    "name": "Nicolas Grekas",
                    "email": "p@tchwork.com"
                },
                {
                    "name": "Symfony Community",
                    "homepage": "https://symfony.com/contributors"
                }
            ],
            "description": "Symfony polyfill for the Mbstring extension",
            "homepage": "https://symfony.com",
            "keywords": [
                "compatibility",
                "mbstring",
                "polyfill",
                "portable",
                "shim"
            ],
            "time": "2020-01-13T11:15:53+00:00"
        },
        {
            "name": "symfony/translation",
            "version": "dev-master",
            "source": {
                "type": "git",
                "url": "https://github.com/symfony/translation.git",
                "reference": "b40717fdc075762d03133cad5dab93c6102f6b23"
            },
            "dist": {
                "type": "zip",
                "url": "https://api.github.com/repos/symfony/translation/zipball/b40717fdc075762d03133cad5dab93c6102f6b23",
                "reference": "b40717fdc075762d03133cad5dab93c6102f6b23",
                "shasum": ""
            },
            "require": {
                "php": "^7.2.5",
                "symfony/polyfill-mbstring": "~1.0",
                "symfony/translation-contracts": "^2"
            },
            "conflict": {
                "symfony/config": "<4.4",
                "symfony/dependency-injection": "<5.0",
                "symfony/http-kernel": "<5.0",
                "symfony/twig-bundle": "<5.0",
                "symfony/yaml": "<4.4"
            },
            "provide": {
                "symfony/translation-implementation": "2.0"
            },
            "require-dev": {
                "psr/log": "~1.0",
                "symfony/config": "^4.4|^5.0",
                "symfony/console": "^4.4|^5.0",
                "symfony/dependency-injection": "^5.0",
                "symfony/finder": "^4.4|^5.0",
                "symfony/http-kernel": "^5.0",
                "symfony/intl": "^4.4|^5.0",
                "symfony/service-contracts": "^1.1.2|^2",
                "symfony/yaml": "^4.4|^5.0"
            },
            "suggest": {
                "psr/log-implementation": "To use logging capability in translator",
                "symfony/config": "",
                "symfony/yaml": ""
            },
            "type": "library",
            "extra": {
                "branch-alias": {
                    "dev-master": "5.1-dev"
                }
            },
            "autoload": {
                "psr-4": {
                    "Symfony\\Component\\Translation\\": ""
                },
                "exclude-from-classmap": [
                    "/Tests/"
                ]
            },
            "notification-url": "https://packagist.org/downloads/",
            "license": [
                "MIT"
            ],
            "authors": [
                {
                    "name": "Fabien Potencier",
                    "email": "fabien@symfony.com"
                },
                {
                    "name": "Symfony Community",
                    "homepage": "https://symfony.com/contributors"
                }
            ],
            "description": "Symfony Translation Component",
            "homepage": "https://symfony.com",
            "time": "2020-02-09T07:48:01+00:00"
        },
        {
            "name": "symfony/translation-contracts",
            "version": "dev-master",
            "source": {
                "type": "git",
                "url": "https://github.com/symfony/translation-contracts.git",
                "reference": "14ba2b69357d4f4a0ff4c7a0234d0a483bb6a8b4"
            },
            "dist": {
                "type": "zip",
                "url": "https://api.github.com/repos/symfony/translation-contracts/zipball/14ba2b69357d4f4a0ff4c7a0234d0a483bb6a8b4",
                "reference": "14ba2b69357d4f4a0ff4c7a0234d0a483bb6a8b4",
                "shasum": ""
            },
            "require": {
                "php": "^7.2.5"
            },
            "suggest": {
                "symfony/translation-implementation": ""
            },
            "type": "library",
            "extra": {
                "branch-alias": {
                    "dev-master": "2.0-dev"
                }
            },
            "autoload": {
                "psr-4": {
                    "Symfony\\Contracts\\Translation\\": ""
                }
            },
            "notification-url": "https://packagist.org/downloads/",
            "license": [
                "MIT"
            ],
            "authors": [
                {
                    "name": "Nicolas Grekas",
                    "email": "p@tchwork.com"
                },
                {
                    "name": "Symfony Community",
                    "homepage": "https://symfony.com/contributors"
                }
            ],
            "description": "Generic abstractions related to translation",
            "homepage": "https://symfony.com",
            "keywords": [
                "abstractions",
                "contracts",
                "decoupling",
                "interfaces",
                "interoperability",
                "standards"
            ],
            "time": "2020-02-10T10:54:33+00:00"
        },
        {
            "name": "voku/portable-ascii",
            "version": "1.4.8",
            "source": {
                "type": "git",
                "url": "https://github.com/voku/portable-ascii.git",
                "reference": "a3801f5facf187a28cc2cae7b98a540c36406dc4"
            },
            "dist": {
                "type": "zip",
                "url": "https://api.github.com/repos/voku/portable-ascii/zipball/a3801f5facf187a28cc2cae7b98a540c36406dc4",
                "reference": "a3801f5facf187a28cc2cae7b98a540c36406dc4",
                "shasum": ""
            },
            "require": {
                "php": ">=7.0.0"
            },
            "require-dev": {
                "phpunit/phpunit": "~6.0 || ~7.0"
            },
            "suggest": {
                "ext-intl": "Use Intl for transliterator_transliterate() support"
            },
            "type": "library",
            "autoload": {
                "psr-4": {
                    "voku\\": "src/voku/",
                    "voku\\tests\\": "tests/"
                }
            },
            "notification-url": "https://packagist.org/downloads/",
            "license": [
                "MIT"
            ],
            "authors": [
                {
                    "name": "Lars Moelleken",
                    "homepage": "http://www.moelleken.org/"
                }
            ],
            "description": "Portable ASCII library - performance optimized (ascii) string functions for php.",
            "homepage": "https://github.com/voku/portable-ascii",
            "keywords": [
                "ascii",
                "clean",
                "php"
            ],
            "time": "2020-02-06T21:46:48+00:00"
        },
        {
            "name": "voku/stop-words",
            "version": "2.0.1",
            "source": {
                "type": "git",
                "url": "https://github.com/voku/stop-words.git",
                "reference": "8e63c0af20f800b1600783764e0ce19e53969f71"
            },
            "dist": {
                "type": "zip",
                "url": "https://api.github.com/repos/voku/stop-words/zipball/8e63c0af20f800b1600783764e0ce19e53969f71",
                "reference": "8e63c0af20f800b1600783764e0ce19e53969f71",
                "shasum": ""
            },
            "require": {
                "php": ">=7.0.0"
            },
            "require-dev": {
                "phpunit/phpunit": "~6.0"
            },
            "type": "library",
            "autoload": {
                "psr-4": {
                    "voku\\": "src/voku/"
                }
            },
            "notification-url": "https://packagist.org/downloads/",
            "license": [
                "MIT"
            ],
            "authors": [
                {
                    "name": "Lars Moelleken",
                    "homepage": "http://www.moelleken.org/"
                }
            ],
            "description": "Stop-Words via PHP",
            "keywords": [
                "stop words",
                "stop-words"
            ],
            "time": "2018-11-23T01:37:27+00:00"
        }
    ],
    "packages-dev": [],
    "aliases": [],
    "minimum-stability": "dev",
    "stability-flags": {
        "markstory/asset_compress": 20,
        "dereuromark/cakephp-setup": 20,
        "dereuromark/cakephp-data": 20,
        "cakedc/search": 20,
        "cakephp/datasources": 20,
        "nesbot/carbon": 20,
        "dereuromark/media-embed": 20,
        "kzykhys/ciconia": 20
    },
    "prefer-stable": false,
    "prefer-lowest": false,
    "platform": [],
    "platform-dev": []
}
