{
	"name": "sandbox",
	"version": "1.0.0",
	"lockfileVersion": 2,
	"requires": true,
	"packages": {
		"": {
			"name": "sandbox",
			"version": "1.0.0",
			"dependencies": {
				"@popperjs/core": "^2.9.2",
				"bootstrap-icons": "^1.10.0",
				"feather-icons": "^4.29.0",
				"font-awesome": "^4.7.0",
				"font-awesome-v5-icons": "^1.2.0",
				"fontawesome-free": "^1.0.4",
				"material-symbols": "^0.4.2"
			}
		},
		"node_modules/@popperjs/core": {
			"version": "2.9.2",
			"resolved": "https://registry.npmjs.org/@popperjs/core/-/core-2.9.2.tgz",
			"integrity": "sha512-VZMYa7+fXHdwIq1TDhSXoVmSPEGM/aa+6Aiq3nVVJ9bXr24zScr+NlKFKC3iPljA7ho/GAZr+d2jOf5GIRC30Q==",
			"funding": {
				"type": "opencollective",
				"url": "https://opencollective.com/popperjs"
			}
		},
		"node_modules/@sindresorhus/is": {
			"version": "0.14.0",
			"resolved": "https://registry.npmjs.org/@sindresorhus/is/-/is-0.14.0.tgz",
			"integrity": "sha512-9NET910DNaIPngYnLLPeg+Ogzqsi9uM4mSboU5y6p8S5DzMTVEsJZrawi+BoDNUVBa2DhJqQYUFvMDfgU062LQ==",
			"engines": {
				"node": ">=6"
			}
		},
		"node_modules/@szmarczak/http-timer": {
			"version": "1.1.2",
			"resolved": "https://registry.npmjs.org/@szmarczak/http-timer/-/http-timer-1.1.2.tgz",
			"integrity": "sha512-XIB2XbzHTN6ieIjfIMV9hlVcfPU26s2vafYWQcZHWXHOxiaRZYEDKEwdl129Zyg50+foYV2jCgtrqSA6qNuNSA==",
			"dependencies": {
				"defer-to-connect": "^1.0.1"
			},
			"engines": {
				"node": ">=6"
			}
		},
		"node_modules/argparse": {
			"version": "1.0.10",
			"resolved": "https://registry.npmjs.org/argparse/-/argparse-1.0.10.tgz",
			"integrity": "sha512-o5Roy6tNG4SL/FOkCAN6RzjiakZS25RLYFrcMttJqbdd8BWrnA+fGz57iN5Pb06pvBGvl5gQ0B48dJlslXvoTg==",
			"dependencies": {
				"sprintf-js": "~1.0.2"
			}
		},
		"node_modules/balanced-match": {
			"version": "1.0.2",
			"resolved": "https://registry.npmjs.org/balanced-match/-/balanced-match-1.0.2.tgz",
			"integrity": "sha512-3oSeUO0TMV67hN1AmbXsK4yaqU7tjiHlbxRDZOpH0KW9+CeX4bRAaX0Anxt0tx2MrpRpWwQaPwIlISEJhYU5Pw=="
		},
		"node_modules/bootstrap-icons": {
			"version": "1.10.2",
			"resolved": "https://registry.npmjs.org/bootstrap-icons/-/bootstrap-icons-1.10.2.tgz",
			"integrity": "sha512-PTPYadRn1AMGr+QTSxe4ZCc+Wzv9DGZxbi3lNse/dajqV31n2/wl/7NX78ZpkvFgRNmH4ogdIQPQmxAfhEV6nA=="
		},
		"node_modules/brace-expansion": {
			"version": "1.1.11",
			"resolved": "https://registry.npmjs.org/brace-expansion/-/brace-expansion-1.1.11.tgz",
			"integrity": "sha512-iCuPHDFgrHX7H2vEI/5xpz07zSHB00TpugqhmYtVmMO6518mCuRMoOYFldEBl0g187ufozdaHgWKcYFb61qGiA==",
			"dependencies": {
				"balanced-match": "^1.0.0",
				"concat-map": "0.0.1"
			}
		},
		"node_modules/cacheable-request": {
			"version": "6.1.0",
			"resolved": "https://registry.npmjs.org/cacheable-request/-/cacheable-request-6.1.0.tgz",
			"integrity": "sha512-Oj3cAGPCqOZX7Rz64Uny2GYAZNliQSqfbePrgAQ1wKAihYmCUnraBtJtKcGR4xz7wF+LoJC+ssFZvv5BgF9Igg==",
			"dependencies": {
				"clone-response": "^1.0.2",
				"get-stream": "^5.1.0",
				"http-cache-semantics": "^4.0.0",
				"keyv": "^3.0.0",
				"lowercase-keys": "^2.0.0",
				"normalize-url": "^4.1.0",
				"responselike": "^1.0.2"
			},
			"engines": {
				"node": ">=8"
			}
		},
		"node_modules/cacheable-request/node_modules/get-stream": {
			"version": "5.2.0",
			"resolved": "https://registry.npmjs.org/get-stream/-/get-stream-5.2.0.tgz",
			"integrity": "sha512-nBF+F1rAZVCu/p7rjzgA+Yb4lfYXrpl7a6VmJrU8wF9I1CKvP/QwPNZHnOlwbTkY6dvtFIzFMSyQXbLoTQPRpA==",
			"dependencies": {
				"pump": "^3.0.0"
			},
			"engines": {
				"node": ">=8"
			},
			"funding": {
				"url": "https://github.com/sponsors/sindresorhus"
			}
		},
		"node_modules/cacheable-request/node_modules/lowercase-keys": {
			"version": "2.0.0",
			"resolved": "https://registry.npmjs.org/lowercase-keys/-/lowercase-keys-2.0.0.tgz",
			"integrity": "sha512-tqNXrS78oMOE73NMxK4EMLQsQowWf8jKooH9g7xPavRT706R6bkQJ6DY2Te7QukaZsulxa30wQ7bk0pm4XiHmA==",
			"engines": {
				"node": ">=8"
			}
		},
		"node_modules/classnames": {
			"version": "2.3.2",
			"resolved": "https://registry.npmjs.org/classnames/-/classnames-2.3.2.tgz",
			"integrity": "sha512-CSbhY4cFEJRe6/GQzIk5qXZ4Jeg5pcsP7b5peFSDpffpe1cqjASH/n9UTjBwOp6XpMSTwQ8Za2K5V02ueA7Tmw=="
		},
		"node_modules/clone-response": {
			"version": "1.0.3",
			"resolved": "https://registry.npmjs.org/clone-response/-/clone-response-1.0.3.tgz",
			"integrity": "sha512-ROoL94jJH2dUVML2Y/5PEDNaSHgeOdSDicUyS7izcF63G6sTc/FTjLub4b8Il9S8S0beOfYt0TaA5qvFK+w0wA==",
			"dependencies": {
				"mimic-response": "^1.0.0"
			},
			"funding": {
				"url": "https://github.com/sponsors/sindresorhus"
			}
		},
		"node_modules/concat-map": {
			"version": "0.0.1",
			"resolved": "https://registry.npmjs.org/concat-map/-/concat-map-0.0.1.tgz",
			"integrity": "sha512-/Srv4dswyQNBfohGpz9o6Yb3Gz3SrUDqBH5rTuhGR7ahtlbYKnVxw2bCFMRljaA7EXHaXZ8wsHdodFvbkhKmqg=="
		},
		"node_modules/core-js": {
			"version": "3.26.1",
			"resolved": "https://registry.npmjs.org/core-js/-/core-js-3.26.1.tgz",
			"integrity": "sha512-21491RRQVzUn0GGM9Z1Jrpr6PNPxPi+Za8OM9q4tksTSnlbXXGKK1nXNg/QvwFYettXvSX6zWKCtHHfjN4puyA==",
			"hasInstallScript": true,
			"funding": {
				"type": "opencollective",
				"url": "https://opencollective.com/core-js"
			}
		},
		"node_modules/decompress-response": {
			"version": "3.3.0",
			"resolved": "https://registry.npmjs.org/decompress-response/-/decompress-response-3.3.0.tgz",
			"integrity": "sha512-BzRPQuY1ip+qDonAOz42gRm/pg9F768C+npV/4JOsxRC2sq+Rlk+Q4ZCAsOhnIaMrgarILY+RMUIvMmmX1qAEA==",
			"dependencies": {
				"mimic-response": "^1.0.0"
			},
			"engines": {
				"node": ">=4"
			}
		},
		"node_modules/defer-to-connect": {
			"version": "1.1.3",
			"resolved": "https://registry.npmjs.org/defer-to-connect/-/defer-to-connect-1.1.3.tgz",
			"integrity": "sha512-0ISdNousHvZT2EiFlZeZAHBUvSxmKswVCEf8hW7KWgG4a8MVEu/3Vb6uWYozkjylyCxe0JBIiRB1jV45S70WVQ=="
		},
		"node_modules/duplexer3": {
			"version": "0.1.5",
			"resolved": "https://registry.npmjs.org/duplexer3/-/duplexer3-0.1.5.tgz",
			"integrity": "sha512-1A8za6ws41LQgv9HrE/66jyC5yuSjQ3L/KOpFtoBilsAK2iA2wuS5rTt1OCzIvtS2V7nVmedsUU+DGRcjBmOYA=="
		},
		"node_modules/end-of-stream": {
			"version": "1.4.4",
			"resolved": "https://registry.npmjs.org/end-of-stream/-/end-of-stream-1.4.4.tgz",
			"integrity": "sha512-+uw1inIHVPQoaVuHzRyXd21icM+cnt4CzD5rW+NC1wjOUSTOs+Te7FOv7AhN7vS9x/oIyhLP5PR1H+phQAHu5Q==",
			"dependencies": {
				"once": "^1.4.0"
			}
		},
		"node_modules/feather-icons": {
			"version": "4.29.0",
			"resolved": "https://registry.npmjs.org/feather-icons/-/feather-icons-4.29.0.tgz",
			"integrity": "sha512-Y7VqN9FYb8KdaSF0qD1081HCkm0v4Eq/fpfQYQnubpqi0hXx14k+gF9iqtRys1SIcTEi97xDi/fmsPFZ8xo0GQ==",
			"dependencies": {
				"classnames": "^2.2.5",
				"core-js": "^3.1.3"
			}
		},
		"node_modules/font-awesome": {
			"version": "4.7.0",
			"resolved": "https://registry.npmjs.org/font-awesome/-/font-awesome-4.7.0.tgz",
			"integrity": "sha512-U6kGnykA/6bFmg1M/oT9EkFeIYv7JlX3bozwQJWiiLz6L0w3F5vBVPxHlwyX/vtNq1ckcpRKOB9f2Qal/VtFpg==",
			"engines": {
				"node": ">=0.10.3"
			}
		},
		"node_modules/font-awesome-v5-icons": {
			"version": "1.2.0",
			"resolved": "https://registry.npmjs.org/font-awesome-v5-icons/-/font-awesome-v5-icons-1.2.0.tgz",
			"integrity": "sha512-yfXkoVj43W31goH/xIjXkC9jA38UeATFyhc61EhQLNckNNyNk57OoYOXPGvz3Wbujj3tX1CQ+tS5hOf8kdCNsw==",
			"dependencies": {
				"got": "^9.6.0",
				"object.pick": "^1.3.0",
				"yamljs": "^0.3.0"
			}
		},
		"node_modules/fontawesome-free": {
			"version": "1.0.4",
			"resolved": "https://registry.npmjs.org/fontawesome-free/-/fontawesome-free-1.0.4.tgz",
			"integrity": "sha512-7sX6Lbg2oQiClFFFFitJlKg20h3YTBON6rdmq3uGjNwDo8G6EjF2bfj2OjjcCUmf4OvZCgyHaXfW2JseqissLw=="
		},
		"node_modules/fs.realpath": {
			"version": "1.0.0",
			"resolved": "https://registry.npmjs.org/fs.realpath/-/fs.realpath-1.0.0.tgz",
			"integrity": "sha512-OO0pH2lK6a0hZnAdau5ItzHPI6pUlvI7jMVnxUQRtw4owF2wk8lOSabtGDCTP4Ggrg2MbGnWO9X8K1t4+fGMDw=="
		},
		"node_modules/get-stream": {
			"version": "4.1.0",
			"resolved": "https://registry.npmjs.org/get-stream/-/get-stream-4.1.0.tgz",
			"integrity": "sha512-GMat4EJ5161kIy2HevLlr4luNjBgvmj413KaQA7jt4V8B4RDsfpHk7WQ9GVqfYyyx8OS/L66Kox+rJRNklLK7w==",
			"dependencies": {
				"pump": "^3.0.0"
			},
			"engines": {
				"node": ">=6"
			}
		},
		"node_modules/glob": {
			"version": "7.2.3",
			"resolved": "https://registry.npmjs.org/glob/-/glob-7.2.3.tgz",
			"integrity": "sha512-nFR0zLpU2YCaRxwoCJvL6UvCH2JFyFVIvwTLsIf21AuHlMskA1hhTdk+LlYJtOlYt9v6dvszD2BGRqBL+iQK9Q==",
			"dependencies": {
				"fs.realpath": "^1.0.0",
				"inflight": "^1.0.4",
				"inherits": "2",
				"minimatch": "^3.1.1",
				"once": "^1.3.0",
				"path-is-absolute": "^1.0.0"
			},
			"engines": {
				"node": "*"
			},
			"funding": {
				"url": "https://github.com/sponsors/isaacs"
			}
		},
		"node_modules/got": {
			"version": "9.6.0",
			"resolved": "https://registry.npmjs.org/got/-/got-9.6.0.tgz",
			"integrity": "sha512-R7eWptXuGYxwijs0eV+v3o6+XH1IqVK8dJOEecQfTmkncw9AV4dcw/Dhxi8MdlqPthxxpZyizMzyg8RTmEsG+Q==",
			"dependencies": {
				"@sindresorhus/is": "^0.14.0",
				"@szmarczak/http-timer": "^1.1.2",
				"cacheable-request": "^6.0.0",
				"decompress-response": "^3.3.0",
				"duplexer3": "^0.1.4",
				"get-stream": "^4.1.0",
				"lowercase-keys": "^1.0.1",
				"mimic-response": "^1.0.1",
				"p-cancelable": "^1.0.0",
				"to-readable-stream": "^1.0.0",
				"url-parse-lax": "^3.0.0"
			},
			"engines": {
				"node": ">=8.6"
			}
		},
		"node_modules/http-cache-semantics": {
			"version": "4.1.0",
			"resolved": "https://registry.npmjs.org/http-cache-semantics/-/http-cache-semantics-4.1.0.tgz",
			"integrity": "sha512-carPklcUh7ROWRK7Cv27RPtdhYhUsela/ue5/jKzjegVvXDqM2ILE9Q2BGn9JZJh1g87cp56su/FgQSzcWS8cQ=="
		},
		"node_modules/inflight": {
			"version": "1.0.6",
			"resolved": "https://registry.npmjs.org/inflight/-/inflight-1.0.6.tgz",
			"integrity": "sha512-k92I/b08q4wvFscXCLvqfsHCrjrF7yiXsQuIVvVE7N82W3+aqpzuUdBbfhWcy/FZR3/4IgflMgKLOsvPDrGCJA==",
			"dependencies": {
				"once": "^1.3.0",
				"wrappy": "1"
			}
		},
		"node_modules/inherits": {
			"version": "2.0.4",
			"resolved": "https://registry.npmjs.org/inherits/-/inherits-2.0.4.tgz",
			"integrity": "sha512-k/vGaX4/Yla3WzyMCvTQOXYeIHvqOKtnqBduzTHpzpQZzAskKMhZ2K+EnBiSM9zGSoIFeMpXKxa4dYeZIQqewQ=="
		},
		"node_modules/isobject": {
			"version": "3.0.1",
			"resolved": "https://registry.npmjs.org/isobject/-/isobject-3.0.1.tgz",
			"integrity": "sha512-WhB9zCku7EGTj/HQQRz5aUQEUeoQZH2bWcltRErOpymJ4boYE6wL9Tbr23krRPSZ+C5zqNSrSw+Cc7sZZ4b7vg==",
			"engines": {
				"node": ">=0.10.0"
			}
		},
		"node_modules/json-buffer": {
			"version": "3.0.0",
			"resolved": "https://registry.npmjs.org/json-buffer/-/json-buffer-3.0.0.tgz",
			"integrity": "sha512-CuUqjv0FUZIdXkHPI8MezCnFCdaTAacej1TZYulLoAg1h/PhwkdXFN4V/gzY4g+fMBCOV2xF+rp7t2XD2ns/NQ=="
		},
		"node_modules/keyv": {
			"version": "3.1.0",
			"resolved": "https://registry.npmjs.org/keyv/-/keyv-3.1.0.tgz",
			"integrity": "sha512-9ykJ/46SN/9KPM/sichzQ7OvXyGDYKGTaDlKMGCAlg2UK8KRy4jb0d8sFc+0Tt0YYnThq8X2RZgCg74RPxgcVA==",
			"dependencies": {
				"json-buffer": "3.0.0"
			}
		},
		"node_modules/lowercase-keys": {
			"version": "1.0.1",
			"resolved": "https://registry.npmjs.org/lowercase-keys/-/lowercase-keys-1.0.1.tgz",
			"integrity": "sha512-G2Lj61tXDnVFFOi8VZds+SoQjtQC3dgokKdDG2mTm1tx4m50NUHBOZSBwQQHyy0V12A0JTG4icfZQH+xPyh8VA==",
			"engines": {
				"node": ">=0.10.0"
			}
		},
		"node_modules/material-symbols": {
			"version": "0.4.2",
			"resolved": "https://registry.npmjs.org/material-symbols/-/material-symbols-0.4.2.tgz",
			"integrity": "sha512-Qqz9o0pui/7MHk4SihG/1yOE7Wwa4iMh7YiXFMZjVIbxRTkP629m8obg5QKGfgfMIU9Xu3RIJB9mzGI3MEPwrg=="
		},
		"node_modules/mimic-response": {
			"version": "1.0.1",
			"resolved": "https://registry.npmjs.org/mimic-response/-/mimic-response-1.0.1.tgz",
			"integrity": "sha512-j5EctnkH7amfV/q5Hgmoal1g2QHFJRraOtmx0JpIqkxhBhI/lJSl1nMpQ45hVarwNETOoWEimndZ4QK0RHxuxQ==",
			"engines": {
				"node": ">=4"
			}
		},
		"node_modules/minimatch": {
			"version": "3.1.2",
			"resolved": "https://registry.npmjs.org/minimatch/-/minimatch-3.1.2.tgz",
			"integrity": "sha512-J7p63hRiAjw1NDEww1W7i37+ByIrOWO5XQQAzZ3VOcL0PNybwpfmV/N05zFAzwQ9USyEcX6t3UO+K5aqBQOIHw==",
			"dependencies": {
				"brace-expansion": "^1.1.7"
			},
			"engines": {
				"node": "*"
			}
		},
		"node_modules/normalize-url": {
			"version": "4.5.1",
			"resolved": "https://registry.npmjs.org/normalize-url/-/normalize-url-4.5.1.tgz",
			"integrity": "sha512-9UZCFRHQdNrfTpGg8+1INIg93B6zE0aXMVFkw1WFwvO4SlZywU6aLg5Of0Ap/PgcbSw4LNxvMWXMeugwMCX0AA==",
			"engines": {
				"node": ">=8"
			}
		},
		"node_modules/object.pick": {
			"version": "1.3.0",
			"resolved": "https://registry.npmjs.org/object.pick/-/object.pick-1.3.0.tgz",
			"integrity": "sha512-tqa/UMy/CCoYmj+H5qc07qvSL9dqcs/WZENZ1JbtWBlATP+iVOe778gE6MSijnyCnORzDuX6hU+LA4SZ09YjFQ==",
			"dependencies": {
				"isobject": "^3.0.1"
			},
			"engines": {
				"node": ">=0.10.0"
			}
		},
		"node_modules/once": {
			"version": "1.4.0",
			"resolved": "https://registry.npmjs.org/once/-/once-1.4.0.tgz",
			"integrity": "sha512-lNaJgI+2Q5URQBkccEKHTQOPaXdUxnZZElQTZY0MFUAuaEqe1E+Nyvgdz/aIyNi6Z9MzO5dv1H8n58/GELp3+w==",
			"dependencies": {
				"wrappy": "1"
			}
		},
		"node_modules/p-cancelable": {
			"version": "1.1.0",
			"resolved": "https://registry.npmjs.org/p-cancelable/-/p-cancelable-1.1.0.tgz",
			"integrity": "sha512-s73XxOZ4zpt1edZYZzvhqFa6uvQc1vwUa0K0BdtIZgQMAJj9IbebH+JkgKZc9h+B05PKHLOTl4ajG1BmNrVZlw==",
			"engines": {
				"node": ">=6"
			}
		},
		"node_modules/path-is-absolute": {
			"version": "1.0.1",
			"resolved": "https://registry.npmjs.org/path-is-absolute/-/path-is-absolute-1.0.1.tgz",
			"integrity": "sha512-AVbw3UJ2e9bq64vSaS9Am0fje1Pa8pbGqTTsmXfaIiMpnr5DlDhfJOuLj9Sf95ZPVDAUerDfEk88MPmPe7UCQg==",
			"engines": {
				"node": ">=0.10.0"
			}
		},
		"node_modules/prepend-http": {
			"version": "2.0.0",
			"resolved": "https://registry.npmjs.org/prepend-http/-/prepend-http-2.0.0.tgz",
			"integrity": "sha512-ravE6m9Atw9Z/jjttRUZ+clIXogdghyZAuWJ3qEzjT+jI/dL1ifAqhZeC5VHzQp1MSt1+jxKkFNemj/iO7tVUA==",
			"engines": {
				"node": ">=4"
			}
		},
		"node_modules/pump": {
			"version": "3.0.0",
			"resolved": "https://registry.npmjs.org/pump/-/pump-3.0.0.tgz",
			"integrity": "sha512-LwZy+p3SFs1Pytd/jYct4wpv49HiYCqd9Rlc5ZVdk0V+8Yzv6jR5Blk3TRmPL1ft69TxP0IMZGJ+WPFU2BFhww==",
			"dependencies": {
				"end-of-stream": "^1.1.0",
				"once": "^1.3.1"
			}
		},
		"node_modules/responselike": {
			"version": "1.0.2",
			"resolved": "https://registry.npmjs.org/responselike/-/responselike-1.0.2.tgz",
			"integrity": "sha512-/Fpe5guzJk1gPqdJLJR5u7eG/gNY4nImjbRDaVWVMRhne55TCmj2i9Q+54PBRfatRC8v/rIiv9BN0pMd9OV5EQ==",
			"dependencies": {
				"lowercase-keys": "^1.0.0"
			}
		},
		"node_modules/sprintf-js": {
			"version": "1.0.3",
			"resolved": "https://registry.npmjs.org/sprintf-js/-/sprintf-js-1.0.3.tgz",
			"integrity": "sha512-D9cPgkvLlV3t3IzL0D0YLvGA9Ahk4PcvVwUbN0dSGr1aP0Nrt4AEnTUbuGvquEC0mA64Gqt1fzirlRs5ibXx8g=="
		},
		"node_modules/to-readable-stream": {
			"version": "1.0.0",
			"resolved": "https://registry.npmjs.org/to-readable-stream/-/to-readable-stream-1.0.0.tgz",
			"integrity": "sha512-Iq25XBt6zD5npPhlLVXGFN3/gyR2/qODcKNNyTMd4vbm39HUaOiAM4PMq0eMVC/Tkxz+Zjdsc55g9yyz+Yq00Q==",
			"engines": {
				"node": ">=6"
			}
		},
		"node_modules/url-parse-lax": {
			"version": "3.0.0",
			"resolved": "https://registry.npmjs.org/url-parse-lax/-/url-parse-lax-3.0.0.tgz",
			"integrity": "sha512-NjFKA0DidqPa5ciFcSrXnAltTtzz84ogy+NebPvfEgAck0+TNg4UJ4IN+fB7zRZfbgUf0syOo9MDxFkDSMuFaQ==",
			"dependencies": {
				"prepend-http": "^2.0.0"
			},
			"engines": {
				"node": ">=4"
			}
		},
		"node_modules/wrappy": {
			"version": "1.0.2",
			"resolved": "https://registry.npmjs.org/wrappy/-/wrappy-1.0.2.tgz",
			"integrity": "sha512-l4Sp/DRseor9wL6EvV2+TuQn63dMkPjZ/sp9XkghTEbV9KlPS1xUsZ3u7/IQO4wxtcFB4bgpQPRcR3QCvezPcQ=="
		},
		"node_modules/yamljs": {
			"version": "0.3.0",
			"resolved": "https://registry.npmjs.org/yamljs/-/yamljs-0.3.0.tgz",
			"integrity": "sha512-C/FsVVhht4iPQYXOInoxUM/1ELSf9EsgKH34FofQOp6hwCPrW4vG4w5++TED3xRUo8gD7l0P1J1dLlDYzODsTQ==",
			"dependencies": {
				"argparse": "^1.0.7",
				"glob": "^7.0.5"
			},
			"bin": {
				"json2yaml": "bin/json2yaml",
				"yaml2json": "bin/yaml2json"
			}
		}
	},
	"dependencies": {
		"@popperjs/core": {
			"version": "2.9.2",
			"resolved": "https://registry.npmjs.org/@popperjs/core/-/core-2.9.2.tgz",
			"integrity": "sha512-VZMYa7+fXHdwIq1TDhSXoVmSPEGM/aa+6Aiq3nVVJ9bXr24zScr+NlKFKC3iPljA7ho/GAZr+d2jOf5GIRC30Q=="
		},
		"@sindresorhus/is": {
			"version": "0.14.0",
			"resolved": "https://registry.npmjs.org/@sindresorhus/is/-/is-0.14.0.tgz",
			"integrity": "sha512-9NET910DNaIPngYnLLPeg+Ogzqsi9uM4mSboU5y6p8S5DzMTVEsJZrawi+BoDNUVBa2DhJqQYUFvMDfgU062LQ=="
		},
		"@szmarczak/http-timer": {
			"version": "1.1.2",
			"resolved": "https://registry.npmjs.org/@szmarczak/http-timer/-/http-timer-1.1.2.tgz",
			"integrity": "sha512-XIB2XbzHTN6ieIjfIMV9hlVcfPU26s2vafYWQcZHWXHOxiaRZYEDKEwdl129Zyg50+foYV2jCgtrqSA6qNuNSA==",
			"requires": {
				"defer-to-connect": "^1.0.1"
			}
		},
		"argparse": {
			"version": "1.0.10",
			"resolved": "https://registry.npmjs.org/argparse/-/argparse-1.0.10.tgz",
			"integrity": "sha512-o5Roy6tNG4SL/FOkCAN6RzjiakZS25RLYFrcMttJqbdd8BWrnA+fGz57iN5Pb06pvBGvl5gQ0B48dJlslXvoTg==",
			"requires": {
				"sprintf-js": "~1.0.2"
			}
		},
		"balanced-match": {
			"version": "1.0.2",
			"resolved": "https://registry.npmjs.org/balanced-match/-/balanced-match-1.0.2.tgz",
			"integrity": "sha512-3oSeUO0TMV67hN1AmbXsK4yaqU7tjiHlbxRDZOpH0KW9+CeX4bRAaX0Anxt0tx2MrpRpWwQaPwIlISEJhYU5Pw=="
		},
		"bootstrap-icons": {
			"version": "1.10.2",
			"resolved": "https://registry.npmjs.org/bootstrap-icons/-/bootstrap-icons-1.10.2.tgz",
			"integrity": "sha512-PTPYadRn1AMGr+QTSxe4ZCc+Wzv9DGZxbi3lNse/dajqV31n2/wl/7NX78ZpkvFgRNmH4ogdIQPQmxAfhEV6nA=="
		},
		"brace-expansion": {
			"version": "1.1.11",
			"resolved": "https://registry.npmjs.org/brace-expansion/-/brace-expansion-1.1.11.tgz",
			"integrity": "sha512-iCuPHDFgrHX7H2vEI/5xpz07zSHB00TpugqhmYtVmMO6518mCuRMoOYFldEBl0g187ufozdaHgWKcYFb61qGiA==",
			"requires": {
				"balanced-match": "^1.0.0",
				"concat-map": "0.0.1"
			}
		},
		"cacheable-request": {
			"version": "6.1.0",
			"resolved": "https://registry.npmjs.org/cacheable-request/-/cacheable-request-6.1.0.tgz",
			"integrity": "sha512-Oj3cAGPCqOZX7Rz64Uny2GYAZNliQSqfbePrgAQ1wKAihYmCUnraBtJtKcGR4xz7wF+LoJC+ssFZvv5BgF9Igg==",
			"requires": {
				"clone-response": "^1.0.2",
				"get-stream": "^5.1.0",
				"http-cache-semantics": "^4.0.0",
				"keyv": "^3.0.0",
				"lowercase-keys": "^2.0.0",
				"normalize-url": "^4.1.0",
				"responselike": "^1.0.2"
			},
			"dependencies": {
				"get-stream": {
					"version": "5.2.0",
					"resolved": "https://registry.npmjs.org/get-stream/-/get-stream-5.2.0.tgz",
					"integrity": "sha512-nBF+F1rAZVCu/p7rjzgA+Yb4lfYXrpl7a6VmJrU8wF9I1CKvP/QwPNZHnOlwbTkY6dvtFIzFMSyQXbLoTQPRpA==",
					"requires": {
						"pump": "^3.0.0"
					}
				},
				"lowercase-keys": {
					"version": "2.0.0",
					"resolved": "https://registry.npmjs.org/lowercase-keys/-/lowercase-keys-2.0.0.tgz",
					"integrity": "sha512-tqNXrS78oMOE73NMxK4EMLQsQowWf8jKooH9g7xPavRT706R6bkQJ6DY2Te7QukaZsulxa30wQ7bk0pm4XiHmA=="
				}
			}
		},
		"classnames": {
			"version": "2.3.2",
			"resolved": "https://registry.npmjs.org/classnames/-/classnames-2.3.2.tgz",
			"integrity": "sha512-CSbhY4cFEJRe6/GQzIk5qXZ4Jeg5pcsP7b5peFSDpffpe1cqjASH/n9UTjBwOp6XpMSTwQ8Za2K5V02ueA7Tmw=="
		},
		"clone-response": {
			"version": "1.0.3",
			"resolved": "https://registry.npmjs.org/clone-response/-/clone-response-1.0.3.tgz",
			"integrity": "sha512-ROoL94jJH2dUVML2Y/5PEDNaSHgeOdSDicUyS7izcF63G6sTc/FTjLub4b8Il9S8S0beOfYt0TaA5qvFK+w0wA==",
			"requires": {
				"mimic-response": "^1.0.0"
			}
		},
		"concat-map": {
			"version": "0.0.1",
			"resolved": "https://registry.npmjs.org/concat-map/-/concat-map-0.0.1.tgz",
			"integrity": "sha512-/Srv4dswyQNBfohGpz9o6Yb3Gz3SrUDqBH5rTuhGR7ahtlbYKnVxw2bCFMRljaA7EXHaXZ8wsHdodFvbkhKmqg=="
		},
		"core-js": {
			"version": "3.26.1",
			"resolved": "https://registry.npmjs.org/core-js/-/core-js-3.26.1.tgz",
			"integrity": "sha512-21491RRQVzUn0GGM9Z1Jrpr6PNPxPi+Za8OM9q4tksTSnlbXXGKK1nXNg/QvwFYettXvSX6zWKCtHHfjN4puyA=="
		},
		"decompress-response": {
			"version": "3.3.0",
			"resolved": "https://registry.npmjs.org/decompress-response/-/decompress-response-3.3.0.tgz",
			"integrity": "sha512-BzRPQuY1ip+qDonAOz42gRm/pg9F768C+npV/4JOsxRC2sq+Rlk+Q4ZCAsOhnIaMrgarILY+RMUIvMmmX1qAEA==",
			"requires": {
				"mimic-response": "^1.0.0"
			}
		},
		"defer-to-connect": {
			"version": "1.1.3",
			"resolved": "https://registry.npmjs.org/defer-to-connect/-/defer-to-connect-1.1.3.tgz",
			"integrity": "sha512-0ISdNousHvZT2EiFlZeZAHBUvSxmKswVCEf8hW7KWgG4a8MVEu/3Vb6uWYozkjylyCxe0JBIiRB1jV45S70WVQ=="
		},
		"duplexer3": {
			"version": "0.1.5",
			"resolved": "https://registry.npmjs.org/duplexer3/-/duplexer3-0.1.5.tgz",
			"integrity": "sha512-1A8za6ws41LQgv9HrE/66jyC5yuSjQ3L/KOpFtoBilsAK2iA2wuS5rTt1OCzIvtS2V7nVmedsUU+DGRcjBmOYA=="
		},
		"end-of-stream": {
			"version": "1.4.4",
			"resolved": "https://registry.npmjs.org/end-of-stream/-/end-of-stream-1.4.4.tgz",
			"integrity": "sha512-+uw1inIHVPQoaVuHzRyXd21icM+cnt4CzD5rW+NC1wjOUSTOs+Te7FOv7AhN7vS9x/oIyhLP5PR1H+phQAHu5Q==",
			"requires": {
				"once": "^1.4.0"
			}
		},
		"feather-icons": {
			"version": "4.29.0",
			"resolved": "https://registry.npmjs.org/feather-icons/-/feather-icons-4.29.0.tgz",
			"integrity": "sha512-Y7VqN9FYb8KdaSF0qD1081HCkm0v4Eq/fpfQYQnubpqi0hXx14k+gF9iqtRys1SIcTEi97xDi/fmsPFZ8xo0GQ==",
			"requires": {
				"classnames": "^2.2.5",
				"core-js": "^3.1.3"
			}
		},
		"font-awesome": {
			"version": "4.7.0",
			"resolved": "https://registry.npmjs.org/font-awesome/-/font-awesome-4.7.0.tgz",
			"integrity": "sha512-U6kGnykA/6bFmg1M/oT9EkFeIYv7JlX3bozwQJWiiLz6L0w3F5vBVPxHlwyX/vtNq1ckcpRKOB9f2Qal/VtFpg=="
		},
		"font-awesome-v5-icons": {
			"version": "1.2.0",
			"resolved": "https://registry.npmjs.org/font-awesome-v5-icons/-/font-awesome-v5-icons-1.2.0.tgz",
			"integrity": "sha512-yfXkoVj43W31goH/xIjXkC9jA38UeATFyhc61EhQLNckNNyNk57OoYOXPGvz3Wbujj3tX1CQ+tS5hOf8kdCNsw==",
			"requires": {
				"got": "^9.6.0",
				"object.pick": "^1.3.0",
				"yamljs": "^0.3.0"
			}
		},
		"fontawesome-free": {
			"version": "1.0.4",
			"resolved": "https://registry.npmjs.org/fontawesome-free/-/fontawesome-free-1.0.4.tgz",
			"integrity": "sha512-7sX6Lbg2oQiClFFFFitJlKg20h3YTBON6rdmq3uGjNwDo8G6EjF2bfj2OjjcCUmf4OvZCgyHaXfW2JseqissLw=="
		},
		"fs.realpath": {
			"version": "1.0.0",
			"resolved": "https://registry.npmjs.org/fs.realpath/-/fs.realpath-1.0.0.tgz",
			"integrity": "sha512-OO0pH2lK6a0hZnAdau5ItzHPI6pUlvI7jMVnxUQRtw4owF2wk8lOSabtGDCTP4Ggrg2MbGnWO9X8K1t4+fGMDw=="
		},
		"get-stream": {
			"version": "4.1.0",
			"resolved": "https://registry.npmjs.org/get-stream/-/get-stream-4.1.0.tgz",
			"integrity": "sha512-GMat4EJ5161kIy2HevLlr4luNjBgvmj413KaQA7jt4V8B4RDsfpHk7WQ9GVqfYyyx8OS/L66Kox+rJRNklLK7w==",
			"requires": {
				"pump": "^3.0.0"
			}
		},
		"glob": {
			"version": "7.2.3",
			"resolved": "https://registry.npmjs.org/glob/-/glob-7.2.3.tgz",
			"integrity": "sha512-nFR0zLpU2YCaRxwoCJvL6UvCH2JFyFVIvwTLsIf21AuHlMskA1hhTdk+LlYJtOlYt9v6dvszD2BGRqBL+iQK9Q==",
			"requires": {
				"fs.realpath": "^1.0.0",
				"inflight": "^1.0.4",
				"inherits": "2",
				"minimatch": "^3.1.1",
				"once": "^1.3.0",
				"path-is-absolute": "^1.0.0"
			}
		},
		"got": {
			"version": "9.6.0",
			"resolved": "https://registry.npmjs.org/got/-/got-9.6.0.tgz",
			"integrity": "sha512-R7eWptXuGYxwijs0eV+v3o6+XH1IqVK8dJOEecQfTmkncw9AV4dcw/Dhxi8MdlqPthxxpZyizMzyg8RTmEsG+Q==",
			"requires": {
				"@sindresorhus/is": "^0.14.0",
				"@szmarczak/http-timer": "^1.1.2",
				"cacheable-request": "^6.0.0",
				"decompress-response": "^3.3.0",
				"duplexer3": "^0.1.4",
				"get-stream": "^4.1.0",
				"lowercase-keys": "^1.0.1",
				"mimic-response": "^1.0.1",
				"p-cancelable": "^1.0.0",
				"to-readable-stream": "^1.0.0",
				"url-parse-lax": "^3.0.0"
			}
		},
		"http-cache-semantics": {
			"version": "4.1.0",
			"resolved": "https://registry.npmjs.org/http-cache-semantics/-/http-cache-semantics-4.1.0.tgz",
			"integrity": "sha512-carPklcUh7ROWRK7Cv27RPtdhYhUsela/ue5/jKzjegVvXDqM2ILE9Q2BGn9JZJh1g87cp56su/FgQSzcWS8cQ=="
		},
		"inflight": {
			"version": "1.0.6",
			"resolved": "https://registry.npmjs.org/inflight/-/inflight-1.0.6.tgz",
			"integrity": "sha512-k92I/b08q4wvFscXCLvqfsHCrjrF7yiXsQuIVvVE7N82W3+aqpzuUdBbfhWcy/FZR3/4IgflMgKLOsvPDrGCJA==",
			"requires": {
				"once": "^1.3.0",
				"wrappy": "1"
			}
		},
		"inherits": {
			"version": "2.0.4",
			"resolved": "https://registry.npmjs.org/inherits/-/inherits-2.0.4.tgz",
			"integrity": "sha512-k/vGaX4/Yla3WzyMCvTQOXYeIHvqOKtnqBduzTHpzpQZzAskKMhZ2K+EnBiSM9zGSoIFeMpXKxa4dYeZIQqewQ=="
		},
		"isobject": {
			"version": "3.0.1",
			"resolved": "https://registry.npmjs.org/isobject/-/isobject-3.0.1.tgz",
			"integrity": "sha512-WhB9zCku7EGTj/HQQRz5aUQEUeoQZH2bWcltRErOpymJ4boYE6wL9Tbr23krRPSZ+C5zqNSrSw+Cc7sZZ4b7vg=="
		},
		"json-buffer": {
			"version": "3.0.0",
			"resolved": "https://registry.npmjs.org/json-buffer/-/json-buffer-3.0.0.tgz",
			"integrity": "sha512-CuUqjv0FUZIdXkHPI8MezCnFCdaTAacej1TZYulLoAg1h/PhwkdXFN4V/gzY4g+fMBCOV2xF+rp7t2XD2ns/NQ=="
		},
		"keyv": {
			"version": "3.1.0",
			"resolved": "https://registry.npmjs.org/keyv/-/keyv-3.1.0.tgz",
			"integrity": "sha512-9ykJ/46SN/9KPM/sichzQ7OvXyGDYKGTaDlKMGCAlg2UK8KRy4jb0d8sFc+0Tt0YYnThq8X2RZgCg74RPxgcVA==",
			"requires": {
				"json-buffer": "3.0.0"
			}
		},
		"lowercase-keys": {
			"version": "1.0.1",
			"resolved": "https://registry.npmjs.org/lowercase-keys/-/lowercase-keys-1.0.1.tgz",
			"integrity": "sha512-G2Lj61tXDnVFFOi8VZds+SoQjtQC3dgokKdDG2mTm1tx4m50NUHBOZSBwQQHyy0V12A0JTG4icfZQH+xPyh8VA=="
		},
		"material-symbols": {
			"version": "0.4.2",
			"resolved": "https://registry.npmjs.org/material-symbols/-/material-symbols-0.4.2.tgz",
			"integrity": "sha512-Qqz9o0pui/7MHk4SihG/1yOE7Wwa4iMh7YiXFMZjVIbxRTkP629m8obg5QKGfgfMIU9Xu3RIJB9mzGI3MEPwrg=="
		},
		"mimic-response": {
			"version": "1.0.1",
			"resolved": "https://registry.npmjs.org/mimic-response/-/mimic-response-1.0.1.tgz",
			"integrity": "sha512-j5EctnkH7amfV/q5Hgmoal1g2QHFJRraOtmx0JpIqkxhBhI/lJSl1nMpQ45hVarwNETOoWEimndZ4QK0RHxuxQ=="
		},
		"minimatch": {
			"version": "3.1.2",
			"resolved": "https://registry.npmjs.org/minimatch/-/minimatch-3.1.2.tgz",
			"integrity": "sha512-J7p63hRiAjw1NDEww1W7i37+ByIrOWO5XQQAzZ3VOcL0PNybwpfmV/N05zFAzwQ9USyEcX6t3UO+K5aqBQOIHw==",
			"requires": {
				"brace-expansion": "^1.1.7"
			}
		},
		"normalize-url": {
			"version": "4.5.1",
			"resolved": "https://registry.npmjs.org/normalize-url/-/normalize-url-4.5.1.tgz",
			"integrity": "sha512-9UZCFRHQdNrfTpGg8+1INIg93B6zE0aXMVFkw1WFwvO4SlZywU6aLg5Of0Ap/PgcbSw4LNxvMWXMeugwMCX0AA=="
		},
		"object.pick": {
			"version": "1.3.0",
			"resolved": "https://registry.npmjs.org/object.pick/-/object.pick-1.3.0.tgz",
			"integrity": "sha512-tqa/UMy/CCoYmj+H5qc07qvSL9dqcs/WZENZ1JbtWBlATP+iVOe778gE6MSijnyCnORzDuX6hU+LA4SZ09YjFQ==",
			"requires": {
				"isobject": "^3.0.1"
			}
		},
		"once": {
			"version": "1.4.0",
			"resolved": "https://registry.npmjs.org/once/-/once-1.4.0.tgz",
			"integrity": "sha512-lNaJgI+2Q5URQBkccEKHTQOPaXdUxnZZElQTZY0MFUAuaEqe1E+Nyvgdz/aIyNi6Z9MzO5dv1H8n58/GELp3+w==",
			"requires": {
				"wrappy": "1"
			}
		},
		"p-cancelable": {
			"version": "1.1.0",
			"resolved": "https://registry.npmjs.org/p-cancelable/-/p-cancelable-1.1.0.tgz",
			"integrity": "sha512-s73XxOZ4zpt1edZYZzvhqFa6uvQc1vwUa0K0BdtIZgQMAJj9IbebH+JkgKZc9h+B05PKHLOTl4ajG1BmNrVZlw=="
		},
		"path-is-absolute": {
			"version": "1.0.1",
			"resolved": "https://registry.npmjs.org/path-is-absolute/-/path-is-absolute-1.0.1.tgz",
			"integrity": "sha512-AVbw3UJ2e9bq64vSaS9Am0fje1Pa8pbGqTTsmXfaIiMpnr5DlDhfJOuLj9Sf95ZPVDAUerDfEk88MPmPe7UCQg=="
		},
		"prepend-http": {
			"version": "2.0.0",
			"resolved": "https://registry.npmjs.org/prepend-http/-/prepend-http-2.0.0.tgz",
			"integrity": "sha512-ravE6m9Atw9Z/jjttRUZ+clIXogdghyZAuWJ3qEzjT+jI/dL1ifAqhZeC5VHzQp1MSt1+jxKkFNemj/iO7tVUA=="
		},
		"pump": {
			"version": "3.0.0",
			"resolved": "https://registry.npmjs.org/pump/-/pump-3.0.0.tgz",
			"integrity": "sha512-LwZy+p3SFs1Pytd/jYct4wpv49HiYCqd9Rlc5ZVdk0V+8Yzv6jR5Blk3TRmPL1ft69TxP0IMZGJ+WPFU2BFhww==",
			"requires": {
				"end-of-stream": "^1.1.0",
				"once": "^1.3.1"
			}
		},
		"responselike": {
			"version": "1.0.2",
			"resolved": "https://registry.npmjs.org/responselike/-/responselike-1.0.2.tgz",
			"integrity": "sha512-/Fpe5guzJk1gPqdJLJR5u7eG/gNY4nImjbRDaVWVMRhne55TCmj2i9Q+54PBRfatRC8v/rIiv9BN0pMd9OV5EQ==",
			"requires": {
				"lowercase-keys": "^1.0.0"
			}
		},
		"sprintf-js": {
			"version": "1.0.3",
			"resolved": "https://registry.npmjs.org/sprintf-js/-/sprintf-js-1.0.3.tgz",
			"integrity": "sha512-D9cPgkvLlV3t3IzL0D0YLvGA9Ahk4PcvVwUbN0dSGr1aP0Nrt4AEnTUbuGvquEC0mA64Gqt1fzirlRs5ibXx8g=="
		},
		"to-readable-stream": {
			"version": "1.0.0",
			"resolved": "https://registry.npmjs.org/to-readable-stream/-/to-readable-stream-1.0.0.tgz",
			"integrity": "sha512-Iq25XBt6zD5npPhlLVXGFN3/gyR2/qODcKNNyTMd4vbm39HUaOiAM4PMq0eMVC/Tkxz+Zjdsc55g9yyz+Yq00Q=="
		},
		"url-parse-lax": {
			"version": "3.0.0",
			"resolved": "https://registry.npmjs.org/url-parse-lax/-/url-parse-lax-3.0.0.tgz",
			"integrity": "sha512-NjFKA0DidqPa5ciFcSrXnAltTtzz84ogy+NebPvfEgAck0+TNg4UJ4IN+fB7zRZfbgUf0syOo9MDxFkDSMuFaQ==",
			"requires": {
				"prepend-http": "^2.0.0"
			}
		},
		"wrappy": {
			"version": "1.0.2",
			"resolved": "https://registry.npmjs.org/wrappy/-/wrappy-1.0.2.tgz",
			"integrity": "sha512-l4Sp/DRseor9wL6EvV2+TuQn63dMkPjZ/sp9XkghTEbV9KlPS1xUsZ3u7/IQO4wxtcFB4bgpQPRcR3QCvezPcQ=="
		},
		"yamljs": {
			"version": "0.3.0",
			"resolved": "https://registry.npmjs.org/yamljs/-/yamljs-0.3.0.tgz",
			"integrity": "sha512-C/FsVVhht4iPQYXOInoxUM/1ELSf9EsgKH34FofQOp6hwCPrW4vG4w5++TED3xRUo8gD7l0P1J1dLlDYzODsTQ==",
			"requires": {
				"argparse": "^1.0.7",
				"glob": "^7.0.5"
			}
		}
	}
}
