{
	"name": "sandbox4",
	"lockfileVersion": 2,
	"requires": true,
	"packages": {
		"": {
			"dependencies": {
				"@popperjs/core": "^2.9.2",
				"bootstrap-icons": "^1.10.0",
				"feather-icons": "^4.29.0",
				"material-symbols": "^0.4.2"
			}
		},
		"node_modules/@popperjs/core": {
			"version": "2.9.2",
			"resolved": "https://registry.npmjs.org/@popperjs/core/-/core-2.9.2.tgz",
			"integrity": "sha512-VZMYa7+fXHdwIq1TDhSXoVmSPEGM/aa+6Aiq3nVVJ9bXr24zScr+NlKFKC3iPljA7ho/GAZr+d2jOf5GIRC30Q==",
			"funding": {
				"type": "opencollective",
				"url": "https://opencollective.com/popperjs"
			}
		},
		"node_modules/bootstrap-icons": {
			"version": "1.10.2",
			"resolved": "https://registry.npmjs.org/bootstrap-icons/-/bootstrap-icons-1.10.2.tgz",
			"integrity": "sha512-PTPYadRn1AMGr+QTSxe4ZCc+Wzv9DGZxbi3lNse/dajqV31n2/wl/7NX78ZpkvFgRNmH4ogdIQPQmxAfhEV6nA=="
		},
		"node_modules/classnames": {
			"version": "2.3.2",
			"resolved": "https://registry.npmjs.org/classnames/-/classnames-2.3.2.tgz",
			"integrity": "sha512-CSbhY4cFEJRe6/GQzIk5qXZ4Jeg5pcsP7b5peFSDpffpe1cqjASH/n9UTjBwOp6XpMSTwQ8Za2K5V02ueA7Tmw=="
		},
		"node_modules/core-js": {
			"version": "3.26.1",
			"resolved": "https://registry.npmjs.org/core-js/-/core-js-3.26.1.tgz",
			"integrity": "sha512-21491RRQVzUn0GGM9Z1Jrpr6PNPxPi+Za8OM9q4tksTSnlbXXGKK1nXNg/QvwFYettXvSX6zWKCtHHfjN4puyA==",
			"hasInstallScript": true,
			"funding": {
				"type": "opencollective",
				"url": "https://opencollective.com/core-js"
			}
		},
		"node_modules/feather-icons": {
			"version": "4.29.0",
			"resolved": "https://registry.npmjs.org/feather-icons/-/feather-icons-4.29.0.tgz",
			"integrity": "sha512-Y7VqN9FYb8KdaSF0qD1081HCkm0v4Eq/fpfQYQnubpqi0hXx14k+gF9iqtRys1SIcTEi97xDi/fmsPFZ8xo0GQ==",
			"dependencies": {
				"classnames": "^2.2.5",
				"core-js": "^3.1.3"
			}
		},
		"node_modules/material-symbols": {
			"version": "0.4.2",
			"resolved": "https://registry.npmjs.org/material-symbols/-/material-symbols-0.4.2.tgz",
			"integrity": "sha512-Qqz9o0pui/7MHk4SihG/1yOE7Wwa4iMh7YiXFMZjVIbxRTkP629m8obg5QKGfgfMIU9Xu3RIJB9mzGI3MEPwrg=="
		}
	},
	"dependencies": {
		"@popperjs/core": {
			"version": "2.9.2",
			"resolved": "https://registry.npmjs.org/@popperjs/core/-/core-2.9.2.tgz",
			"integrity": "sha512-VZMYa7+fXHdwIq1TDhSXoVmSPEGM/aa+6Aiq3nVVJ9bXr24zScr+NlKFKC3iPljA7ho/GAZr+d2jOf5GIRC30Q=="
		},
		"bootstrap-icons": {
			"version": "1.10.2",
			"resolved": "https://registry.npmjs.org/bootstrap-icons/-/bootstrap-icons-1.10.2.tgz",
			"integrity": "sha512-PTPYadRn1AMGr+QTSxe4ZCc+Wzv9DGZxbi3lNse/dajqV31n2/wl/7NX78ZpkvFgRNmH4ogdIQPQmxAfhEV6nA=="
		},
		"classnames": {
			"version": "2.3.2",
			"resolved": "https://registry.npmjs.org/classnames/-/classnames-2.3.2.tgz",
			"integrity": "sha512-CSbhY4cFEJRe6/GQzIk5qXZ4Jeg5pcsP7b5peFSDpffpe1cqjASH/n9UTjBwOp6XpMSTwQ8Za2K5V02ueA7Tmw=="
		},
		"core-js": {
			"version": "3.26.1",
			"resolved": "https://registry.npmjs.org/core-js/-/core-js-3.26.1.tgz",
			"integrity": "sha512-21491RRQVzUn0GGM9Z1Jrpr6PNPxPi+Za8OM9q4tksTSnlbXXGKK1nXNg/QvwFYettXvSX6zWKCtHHfjN4puyA=="
		},
		"feather-icons": {
			"version": "4.29.0",
			"resolved": "https://registry.npmjs.org/feather-icons/-/feather-icons-4.29.0.tgz",
			"integrity": "sha512-Y7VqN9FYb8KdaSF0qD1081HCkm0v4Eq/fpfQYQnubpqi0hXx14k+gF9iqtRys1SIcTEi97xDi/fmsPFZ8xo0GQ==",
			"requires": {
				"classnames": "^2.2.5",
				"core-js": "^3.1.3"
			}
		},
		"material-symbols": {
			"version": "0.4.2",
			"resolved": "https://registry.npmjs.org/material-symbols/-/material-symbols-0.4.2.tgz",
			"integrity": "sha512-Qqz9o0pui/7MHk4SihG/1yOE7Wwa4iMh7YiXFMZjVIbxRTkP629m8obg5QKGfgfMIU9Xu3RIJB9mzGI3MEPwrg=="
		}
	}
}
